
Microsoft Visual Studio Solution File, Format Version 12.00
# Visual Studio Version 17
VisualStudioVersion = 17.13.35825.156 d17.13
MinimumVisualStudioVersion = 10.0.40219.1
Project("{FAE04EC0-301F-11D3-BF4B-00C04F79EFBC}") = "Kargo_Takip_Sistemi", "Kargo_Takip_Sistemi\Kargo_Takip_Sistemi.csproj", "{FA416EA1-73A4-442D-87BC-2F3C2A204B37}"
EndProject
Global
	GlobalSection(SolutionConfigurationPlatforms) = preSolution
		Debug|Any CPU = Debug|Any CPU
		Release|Any CPU = Release|Any CPU
	EndGlobalSection
	GlobalSection(ProjectConfigurationPlatforms) = postSolution
		{FA416EA1-73A4-442D-87BC-2F3C2A204B37}.Debug|Any CPU.ActiveCfg = Debug|Any CPU
		{FA416EA1-73A4-442D-87BC-2F3C2A204B37}.Debug|Any CPU.Build.0 = Debug|Any CPU
		{FA416EA1-73A4-442D-87BC-2F3C2A204B37}.Release|Any CPU.ActiveCfg = Release|Any CPU
		{FA416EA1-73A4-442D-87BC-2F3C2A204B37}.Release|Any CPU.Build.0 = Release|Any CPU
	EndGlobalSection
	GlobalSection(SolutionProperties) = preSolution
		HideSolutionNode = FALSE
	EndGlobalSection
	GlobalSection(ExtensibilityGlobals) = postSolution
		SolutionGuid = {3D9A3171-5B55-40F6-B23C-CFA7F55AADFD}
	EndGlobalSection
EndGlobal
