Microsoft Visual Studio Solution File, Format Version 12.00
# Visual Studio Version 17
VisualStudioVersion = 17.5.2.0
MinimumVisualStudioVersion = 10.0.40219.1
Project("{FAE04EC0-301F-11D3-BF4B-00C04F79EFBC}") = "Kargo_Takip_Sistemi", "Kargo_Takip_Sistemi.csproj", "{D85136FA-A10B-36B4-716B-B46B30FD9749}"
EndProject
Global
	GlobalSection(SolutionConfigurationPlatforms) = preSolution
		Debug|Any CPU = Debug|Any CPU
		Release|Any CPU = Release|Any CPU
	EndGlobalSection
	GlobalSection(ProjectConfigurationPlatforms) = postSolution
		{D85136FA-A10B-36B4-716B-B46B30FD9749}.Debug|Any CPU.ActiveCfg = Debug|Any CPU
		{D85136FA-A10B-36B4-716B-B46B30FD9749}.Debug|Any CPU.Build.0 = Debug|Any CPU
		{D85136FA-A10B-36B4-716B-B46B30FD9749}.Release|Any CPU.ActiveCfg = Release|Any CPU
		{D85136FA-A10B-36B4-716B-B46B30FD9749}.Release|Any CPU.Build.0 = Release|Any CPU
	EndGlobalSection
	GlobalSection(SolutionProperties) = preSolution
		HideSolutionNode = FALSE
	EndGlobalSection
	GlobalSection(ExtensibilityGlobals) = postSolution
		SolutionGuid = {47CDB4FD-CA59-4F95-9230-E9334D331E9B}
	EndGlobalSection
EndGlobal
